
Microsoft Visual Studio Solution File, Format Version 12.00
# Visual Studio Version 16
VisualStudioVersion = 16.0.32802.440
MinimumVisualStudioVersion = 10.0.40219.1
Project("{FAE04EC0-301F-11D3-BF4B-00C04F79EFBC}") = "Kitchen", "Kitchen.csproj", "{6E833B33-BE68-44A3-B841-515630009FEA}"
EndProject
Global
	GlobalSection(SolutionConfigurationPlatforms) = preSolution
		Debug|Any CPU = Debug|Any CPU
		Release|Any CPU = Release|Any CPU
	EndGlobalSection
	GlobalSection(ProjectConfigurationPlatforms) = postSolution
		{6E833B33-BE68-44A3-B841-515630009FEA}.Debug|Any CPU.ActiveCfg = Debug|Any CPU
		{6E833B33-BE68-44A3-B841-515630009FEA}.Debug|Any CPU.Build.0 = Debug|Any CPU
		{6E833B33-BE68-44A3-B841-515630009FEA}.Release|Any CPU.ActiveCfg = Release|Any CPU
		{6E833B33-BE68-44A3-B841-515630009FEA}.Release|Any CPU.Build.0 = Release|Any CPU
	EndGlobalSection
	GlobalSection(SolutionProperties) = preSolution
		HideSolutionNode = FALSE
	EndGlobalSection
	GlobalSection(ExtensibilityGlobals) = postSolution
		SolutionGuid = {AE2462D3-2DE9-4BDD-90EC-E8992EED5D6E}
	EndGlobalSection
EndGlobal
